
Microsoft Visual Studio Solution File, Format Version 12.00
# Visual Studio Version 16
VisualStudioVersion = 16.0.29519.87
MinimumVisualStudioVersion = 10.0.40219.1
Project("{FAE04EC0-301F-11D3-BF4B-00C04F79EFBC}") = "XMLProcessing", "XMLProcessing\XMLProcessing.csproj", "{4973EA7F-4D4A-4554-8364-84D26122B9A8}"
EndProject
Project("{FAE04EC0-301F-11D3-BF4B-00C04F79EFBC}") = "XMLProcessingUnitTesting", "XMLProcessingUnitTesting\XMLProcessingUnitTesting.csproj", "{4FED1789-D950-4E3B-84E1-CBAE3AE9A425}"
EndProject
Global
	GlobalSection(SolutionConfigurationPlatforms) = preSolution
		Debug|Any CPU = Debug|Any CPU
		Release|Any CPU = Release|Any CPU
	EndGlobalSection
	GlobalSection(ProjectConfigurationPlatforms) = postSolution
		{4973EA7F-4D4A-4554-8364-84D26122B9A8}.Debug|Any CPU.ActiveCfg = Debug|Any CPU
		{4973EA7F-4D4A-4554-8364-84D26122B9A8}.Debug|Any CPU.Build.0 = Debug|Any CPU
		{4973EA7F-4D4A-4554-8364-84D26122B9A8}.Release|Any CPU.ActiveCfg = Release|Any CPU
		{4973EA7F-4D4A-4554-8364-84D26122B9A8}.Release|Any CPU.Build.0 = Release|Any CPU
		{4FED1789-D950-4E3B-84E1-CBAE3AE9A425}.Debug|Any CPU.ActiveCfg = Debug|Any CPU
		{4FED1789-D950-4E3B-84E1-CBAE3AE9A425}.Debug|Any CPU.Build.0 = Debug|Any CPU
		{4FED1789-D950-4E3B-84E1-CBAE3AE9A425}.Release|Any CPU.ActiveCfg = Release|Any CPU
		{4FED1789-D950-4E3B-84E1-CBAE3AE9A425}.Release|Any CPU.Build.0 = Release|Any CPU
	EndGlobalSection
	GlobalSection(SolutionProperties) = preSolution
		HideSolutionNode = FALSE
	EndGlobalSection
	GlobalSection(ExtensibilityGlobals) = postSolution
		SolutionGuid = {3A96BDEB-B339-4B6D-A04F-8FB5951FD67A}
	EndGlobalSection
EndGlobal
